{
  "name": "lconfig",
  "version": "1.0.0",
  "lockfileVersion": 1,
  "requires": true,
  "dependencies": {
    "caller.js": {
      "version": "1.0.0",
      "resolved": "https://registry.npmjs.org/caller.js/-/caller.js-1.0.0.tgz",
      "integrity": "sha512-lII3QIGAA+keX5AU/rZ4jWuGOdtSObx/2YyhZLFXtcIPgoC5HkhRSV7Z02NbgX9PfsYVc8s8WmZLeaVde1sI2w=="
    }
  }
}
