{
  "name": "lconfig",
  "version": "1.0.0",
  "lockfileVersion": 1,
  "requires": true,
  "dependencies": {
    "caller.js": {
      "version": "1.0.2",
      "resolved": "https://registry.npmjs.org/caller.js/-/caller.js-1.0.2.tgz",
      "integrity": "sha512-7OeyyZFhwHmLr5IB/ELvrZJwpqnrAhzHcCFwi9gIWqnahBLOZW61EbAelS84uwhX/9b4nxzW2RX0WX72pqxESQ=="
    }
  }
}
