{
  "name": "lconfig",
  "version": "1.0.0",
  "lockfileVersion": 1,
  "requires": true,
  "dependencies": {
    "caller.js": {
      "version": "1.0.1",
      "resolved": "https://registry.npmjs.org/caller.js/-/caller.js-1.0.1.tgz",
      "integrity": "sha512-tXPvnkFtlLCiSLl3kJZvfXs9gnSAhLjcWy0+daYMfDPWswx0cZ9KbxA5cU85wdOTxOqiXLUtZ/6Pa/P+zFc7kg=="
    },
    "stack-trace": {
      "version": "0.0.10",
      "resolved": "https://registry.npmjs.org/stack-trace/-/stack-trace-0.0.10.tgz",
      "integrity": "sha1-VHxws0fo0ytOEI6hoqFZ5f3eGcA="
    }
  }
}
